// !$*UTF8*$!
{
	archiveVersion = 1;
	classes = {
	};
	objectVersion = 50;
	objects = {

/* Begin PBXBuildFile section */
		DC0B9E3622A88D6900349B2B /* AppDelegate.swift in Sources */ = {isa = PBXBuildFile; fileRef = DC0B9E3522A88D6900349B2B /* AppDelegate.swift */; };
		DC0B9E3822A88D6900349B2B /* SceneDelegate.swift in Sources */ = {isa = PBXBuildFile; fileRef = DC0B9E3722A88D6900349B2B /* SceneDelegate.swift */; };
		DC0B9E3A22A88D6900349B2B /* ContentView.swift in Sources */ = {isa = PBXBuildFile; fileRef = DC0B9E3922A88D6900349B2B /* ContentView.swift */; };
		DC0B9E3C22A88D6B00349B2B /* Assets.xcassets in Resources */ = {isa = PBXBuildFile; fileRef = DC0B9E3B22A88D6B00349B2B /* Assets.xcassets */; };
		DC0B9E3F22A88D6B00349B2B /* Preview Assets.xcassets in Resources */ = {isa = PBXBuildFile; fileRef = DC0B9E3E22A88D6B00349B2B /* Preview Assets.xcassets */; };
		DC0B9E4222A88D6B00349B2B /* LaunchScreen.storyboard in Resources */ = {isa = PBXBuildFile; fileRef = DC0B9E4022A88D6B00349B2B /* LaunchScreen.storyboard */; };
		DC0B9E5022A88E7200349B2B /* LocationList.swift in Sources */ = {isa = PBXBuildFile; fileRef = DC0B9E4A22A88E7200349B2B /* LocationList.swift */; };
		DC0B9E5122A88E7200349B2B /* Location.swift in Sources */ = {isa = PBXBuildFile; fileRef = DC0B9E4B22A88E7200349B2B /* Location.swift */; };
		DC0B9E5222A88E7200349B2B /* Machine.swift in Sources */ = {isa = PBXBuildFile; fileRef = DC0B9E4C22A88E7200349B2B /* Machine.swift */; };
		DC0B9E5322A88E7200349B2B /* MachineList.swift in Sources */ = {isa = PBXBuildFile; fileRef = DC0B9E4D22A88E7200349B2B /* MachineList.swift */; };
		DC0B9E5422A88E7200349B2B /* Region.swift in Sources */ = {isa = PBXBuildFile; fileRef = DC0B9E4E22A88E7200349B2B /* Region.swift */; };
		DC0B9E5522A88E7200349B2B /* RegionList.swift in Sources */ = {isa = PBXBuildFile; fileRef = DC0B9E4F22A88E7200349B2B /* RegionList.swift */; };
		DC0B9E5722A88EFF00349B2B /* RegionRow.swift in Sources */ = {isa = PBXBuildFile; fileRef = DC0B9E5622A88EFF00349B2B /* RegionRow.swift */; };
		DC0B9E5C22A8917900349B2B /* Data.swift in Sources */ = {isa = PBXBuildFile; fileRef = DC0B9E5B22A8917900349B2B /* Data.swift */; };
		DC0B9E5F22A891A200349B2B /* MockRegionList.json in Resources */ = {isa = PBXBuildFile; fileRef = DC0B9E5E22A891A200349B2B /* MockRegionList.json */; };
		DC0B9E6322A893EF00349B2B /* RegionListView.swift in Sources */ = {isa = PBXBuildFile; fileRef = DC0B9E6222A893EF00349B2B /* RegionListView.swift */; };
		DC0B9E6522A8980900349B2B /* LocationDetailView.swift in Sources */ = {isa = PBXBuildFile; fileRef = DC0B9E6422A8980900349B2B /* LocationDetailView.swift */; };
		DC0B9E6722A899F500349B2B /* Region+Identifiable.swift in Sources */ = {isa = PBXBuildFile; fileRef = DC0B9E6622A899F500349B2B /* Region+Identifiable.swift */; };
/* End PBXBuildFile section */

/* Begin PBXFileReference section */
		DC0B9E3222A88D6900349B2B /* PinballMapSwiftUI.app */ = {isa = PBXFileReference; explicitFileType = wrapper.application; includeInIndex = 0; path = PinballMapSwiftUI.app; sourceTree = BUILT_PRODUCTS_DIR; };
		DC0B9E3522A88D6900349B2B /* AppDelegate.swift */ = {isa = PBXFileReference; lastKnownFileType = sourcecode.swift; path = AppDelegate.swift; sourceTree = "<group>"; };
		DC0B9E3722A88D6900349B2B /* SceneDelegate.swift */ = {isa = PBXFileReference; lastKnownFileType = sourcecode.swift; path = SceneDelegate.swift; sourceTree = "<group>"; };
		DC0B9E3922A88D6900349B2B /* ContentView.swift */ = {isa = PBXFileReference; lastKnownFileType = sourcecode.swift; path = ContentView.swift; sourceTree = "<group>"; };
		DC0B9E3B22A88D6B00349B2B /* Assets.xcassets */ = {isa = PBXFileReference; lastKnownFileType = folder.assetcatalog; path = Assets.xcassets; sourceTree = "<group>"; };
		DC0B9E3E22A88D6B00349B2B /* Preview Assets.xcassets */ = {isa = PBXFileReference; lastKnownFileType = folder.assetcatalog; path = "Preview Assets.xcassets"; sourceTree = "<group>"; };
		DC0B9E4122A88D6B00349B2B /* Base */ = {isa = PBXFileReference; lastKnownFileType = file.storyboard; name = Base; path = Base.lproj/LaunchScreen.storyboard; sourceTree = "<group>"; };
		DC0B9E4322A88D6B00349B2B /* Info.plist */ = {isa = PBXFileReference; lastKnownFileType = text.plist.xml; path = Info.plist; sourceTree = "<group>"; };
		DC0B9E4A22A88E7200349B2B /* LocationList.swift */ = {isa = PBXFileReference; fileEncoding = 4; lastKnownFileType = sourcecode.swift; path = LocationList.swift; sourceTree = "<group>"; };
		DC0B9E4B22A88E7200349B2B /* Location.swift */ = {isa = PBXFileReference; fileEncoding = 4; lastKnownFileType = sourcecode.swift; path = Location.swift; sourceTree = "<group>"; };
		DC0B9E4C22A88E7200349B2B /* Machine.swift */ = {isa = PBXFileReference; fileEncoding = 4; lastKnownFileType = sourcecode.swift; path = Machine.swift; sourceTree = "<group>"; };
		DC0B9E4D22A88E7200349B2B /* MachineList.swift */ = {isa = PBXFileReference; fileEncoding = 4; lastKnownFileType = sourcecode.swift; path = MachineList.swift; sourceTree = "<group>"; };
		DC0B9E4E22A88E7200349B2B /* Region.swift */ = {isa = PBXFileReference; fileEncoding = 4; lastKnownFileType = sourcecode.swift; path = Region.swift; sourceTree = "<group>"; };
		DC0B9E4F22A88E7200349B2B /* RegionList.swift */ = {isa = PBXFileReference; fileEncoding = 4; lastKnownFileType = sourcecode.swift; path = RegionList.swift; sourceTree = "<group>"; };
		DC0B9E5622A88EFF00349B2B /* RegionRow.swift */ = {isa = PBXFileReference; lastKnownFileType = sourcecode.swift; path = RegionRow.swift; sourceTree = "<group>"; };
		DC0B9E5B22A8917900349B2B /* Data.swift */ = {isa = PBXFileReference; lastKnownFileType = sourcecode.swift; path = Data.swift; sourceTree = "<group>"; };
		DC0B9E5E22A891A200349B2B /* MockRegionList.json */ = {isa = PBXFileReference; fileEncoding = 4; lastKnownFileType = text.json; path = MockRegionList.json; sourceTree = "<group>"; };
		DC0B9E6222A893EF00349B2B /* RegionListView.swift */ = {isa = PBXFileReference; lastKnownFileType = sourcecode.swift; path = RegionListView.swift; sourceTree = "<group>"; };
		DC0B9E6422A8980900349B2B /* LocationDetailView.swift */ = {isa = PBXFileReference; lastKnownFileType = sourcecode.swift; path = LocationDetailView.swift; sourceTree = "<group>"; };
		DC0B9E6622A899F500349B2B /* Region+Identifiable.swift */ = {isa = PBXFileReference; lastKnownFileType = sourcecode.swift; path = "Region+Identifiable.swift"; sourceTree = "<group>"; };
/* End PBXFileReference section */

/* Begin PBXFrameworksBuildPhase section */
		DC0B9E2F22A88D6900349B2B /* Frameworks */ = {
			isa = PBXFrameworksBuildPhase;
			buildActionMask = 2147483647;
			files = (
			);
			runOnlyForDeploymentPostprocessing = 0;
		};
/* End PBXFrameworksBuildPhase section */

/* Begin PBXGroup section */
		DC0B9E2922A88D6900349B2B = {
			isa = PBXGroup;
			children = (
				DC0B9E3422A88D6900349B2B /* PinballMapSwiftUI */,
				DC0B9E3322A88D6900349B2B /* Products */,
			);
			sourceTree = "<group>";
		};
		DC0B9E3322A88D6900349B2B /* Products */ = {
			isa = PBXGroup;
			children = (
				DC0B9E3222A88D6900349B2B /* PinballMapSwiftUI.app */,
			);
			name = Products;
			sourceTree = "<group>";
		};
		DC0B9E3422A88D6900349B2B /* PinballMapSwiftUI */ = {
			isa = PBXGroup;
			children = (
				DC0B9E3522A88D6900349B2B /* AppDelegate.swift */,
				DC0B9E3722A88D6900349B2B /* SceneDelegate.swift */,
				DC0B9E3922A88D6900349B2B /* ContentView.swift */,
				DC0B9E6222A893EF00349B2B /* RegionListView.swift */,
				DC0B9E5622A88EFF00349B2B /* RegionRow.swift */,
				DC0B9E6422A8980900349B2B /* LocationDetailView.swift */,
				DC0B9E4922A88E7200349B2B /* Models */,
				DC0B9E5A22A8916E00349B2B /* Utility */,
				DC0B9E5D22A891A200349B2B /* Resources */,
				DC0B9E3B22A88D6B00349B2B /* Assets.xcassets */,
				DC0B9E4022A88D6B00349B2B /* LaunchScreen.storyboard */,
				DC0B9E4322A88D6B00349B2B /* Info.plist */,
				DC0B9E3D22A88D6B00349B2B /* Preview Content */,
			);
			path = PinballMapSwiftUI;
			sourceTree = "<group>";
		};
		DC0B9E3D22A88D6B00349B2B /* Preview Content */ = {
			isa = PBXGroup;
			children = (
				DC0B9E3E22A88D6B00349B2B /* Preview Assets.xcassets */,
			);
			path = "Preview Content";
			sourceTree = "<group>";
		};
		DC0B9E4922A88E7200349B2B /* Models */ = {
			isa = PBXGroup;
			children = (
				DC0B9E4A22A88E7200349B2B /* LocationList.swift */,
				DC0B9E4B22A88E7200349B2B /* Location.swift */,
				DC0B9E4C22A88E7200349B2B /* Machine.swift */,
				DC0B9E4D22A88E7200349B2B /* MachineList.swift */,
				DC0B9E4E22A88E7200349B2B /* Region.swift */,
				DC0B9E4F22A88E7200349B2B /* RegionList.swift */,
				DC0B9E6622A899F500349B2B /* Region+Identifiable.swift */,
			);
			name = Models;
			path = ../../PinballMap/PinballMap/Shared/Models;
			sourceTree = "<group>";
		};
		DC0B9E5A22A8916E00349B2B /* Utility */ = {
			isa = PBXGroup;
			children = (
				DC0B9E5B22A8917900349B2B /* Data.swift */,
			);
			path = Utility;
			sourceTree = "<group>";
		};
		DC0B9E5D22A891A200349B2B /* Resources */ = {
			isa = PBXGroup;
			children = (
				DC0B9E5E22A891A200349B2B /* MockRegionList.json */,
			);
			path = Resources;
			sourceTree = "<group>";
		};
/* End PBXGroup section */

/* Begin PBXNativeTarget section */
		DC0B9E3122A88D6900349B2B /* PinballMapSwiftUI */ = {
			isa = PBXNativeTarget;
			buildConfigurationList = DC0B9E4622A88D6B00349B2B /* Build configuration list for PBXNativeTarget "PinballMapSwiftUI" */;
			buildPhases = (
				DC0B9E2E22A88D6900349B2B /* Sources */,
				DC0B9E2F22A88D6900349B2B /* Frameworks */,
				DC0B9E3022A88D6900349B2B /* Resources */,
			);
			buildRules = (
			);
			dependencies = (
			);
			name = PinballMapSwiftUI;
			productName = PinballMapSwiftUI;
			productReference = DC0B9E3222A88D6900349B2B /* PinballMapSwiftUI.app */;
			productType = "com.apple.product-type.application";
		};
/* End PBXNativeTarget section */

/* Begin PBXProject section */
		DC0B9E2A22A88D6900349B2B /* Project object */ = {
			isa = PBXProject;
			attributes = {
				LastSwiftUpdateCheck = 1100;
				LastUpgradeCheck = 1100;
				ORGANIZATIONNAME = "Harlan Kellaway";
				TargetAttributes = {
					DC0B9E3122A88D6900349B2B = {
						CreatedOnToolsVersion = 11.0;
					};
				};
			};
			buildConfigurationList = DC0B9E2D22A88D6900349B2B /* Build configuration list for PBXProject "PinballMapSwiftUI" */;
			compatibilityVersion = "Xcode 9.3";
			developmentRegion = en;
			hasScannedForEncodings = 0;
			knownRegions = (
				en,
				Base,
			);
			mainGroup = DC0B9E2922A88D6900349B2B;
			productRefGroup = DC0B9E3322A88D6900349B2B /* Products */;
			projectDirPath = "";
			projectRoot = "";
			targets = (
				DC0B9E3122A88D6900349B2B /* PinballMapSwiftUI */,
			);
		};
/* End PBXProject section */

/* Begin PBXResourcesBuildPhase section */
		DC0B9E3022A88D6900349B2B /* Resources */ = {
			isa = PBXResourcesBuildPhase;
			buildActionMask = 2147483647;
			files = (
				DC0B9E4222A88D6B00349B2B /* LaunchScreen.storyboard in Resources */,
				DC0B9E5F22A891A200349B2B /* MockRegionList.json in Resources */,
				DC0B9E3F22A88D6B00349B2B /* Preview Assets.xcassets in Resources */,
				DC0B9E3C22A88D6B00349B2B /* Assets.xcassets in Resources */,
			);
			runOnlyForDeploymentPostprocessing = 0;
		};
/* End PBXResourcesBuildPhase section */

/* Begin PBXSourcesBuildPhase section */
		DC0B9E2E22A88D6900349B2B /* Sources */ = {
			isa = PBXSourcesBuildPhase;
			buildActionMask = 2147483647;
			files = (
				DC0B9E5322A88E7200349B2B /* MachineList.swift in Sources */,
				DC0B9E3622A88D6900349B2B /* AppDelegate.swift in Sources */,
				DC0B9E6322A893EF00349B2B /* RegionListView.swift in Sources */,
				DC0B9E3822A88D6900349B2B /* SceneDelegate.swift in Sources */,
				DC0B9E5422A88E7200349B2B /* Region.swift in Sources */,
				DC0B9E5C22A8917900349B2B /* Data.swift in Sources */,
				DC0B9E5722A88EFF00349B2B /* RegionRow.swift in Sources */,
				DC0B9E6722A899F500349B2B /* Region+Identifiable.swift in Sources */,
				DC0B9E5122A88E7200349B2B /* Location.swift in Sources */,
				DC0B9E5022A88E7200349B2B /* LocationList.swift in Sources */,
				DC0B9E3A22A88D6900349B2B /* ContentView.swift in Sources */,
				DC0B9E6522A8980900349B2B /* LocationDetailView.swift in Sources */,
				DC0B9E5522A88E7200349B2B /* RegionList.swift in Sources */,
				DC0B9E5222A88E7200349B2B /* Machine.swift in Sources */,
			);
			runOnlyForDeploymentPostprocessing = 0;
		};
/* End PBXSourcesBuildPhase section */

/* Begin PBXVariantGroup section */
		DC0B9E4022A88D6B00349B2B /* LaunchScreen.storyboard */ = {
			isa = PBXVariantGroup;
			children = (
				DC0B9E4122A88D6B00349B2B /* Base */,
			);
			name = LaunchScreen.storyboard;
			sourceTree = "<group>";
		};
/* End PBXVariantGroup section */

/* Begin XCBuildConfiguration section */
		DC0B9E4422A88D6B00349B2B /* Debug */ = {
			isa = XCBuildConfiguration;
			buildSettings = {
				ALWAYS_SEARCH_USER_PATHS = NO;
				CLANG_ANALYZER_NONNULL = YES;
				CLANG_ANALYZER_NUMBER_OBJECT_CONVERSION = YES_AGGRESSIVE;
				CLANG_CXX_LANGUAGE_STANDARD = "gnu++14";
				CLANG_CXX_LIBRARY = "libc++";
				CLANG_ENABLE_MODULES = YES;
				CLANG_ENABLE_OBJC_ARC = YES;
				CLANG_ENABLE_OBJC_WEAK = YES;
				CLANG_WARN_BLOCK_CAPTURE_AUTORELEASING = YES;
				CLANG_WARN_BOOL_CONVERSION = YES;
				CLANG_WARN_COMMA = YES;
				CLANG_WARN_CONSTANT_CONVERSION = YES;
				CLANG_WARN_DEPRECATED_OBJC_IMPLEMENTATIONS = YES;
				CLANG_WARN_DIRECT_OBJC_ISA_USAGE = YES_ERROR;
				CLANG_WARN_DOCUMENTATION_COMMENTS = YES;
				CLANG_WARN_EMPTY_BODY = YES;
				CLANG_WARN_ENUM_CONVERSION = YES;
				CLANG_WARN_INFINITE_RECURSION = YES;
				CLANG_WARN_INT_CONVERSION = YES;
				CLANG_WARN_NON_LITERAL_NULL_CONVERSION = YES;
				CLANG_WARN_OBJC_IMPLICIT_RETAIN_SELF = YES;
				CLANG_WARN_OBJC_LITERAL_CONVERSION = YES;
				CLANG_WARN_OBJC_ROOT_CLASS = YES_ERROR;
				CLANG_WARN_RANGE_LOOP_ANALYSIS = YES;
				CLANG_WARN_STRICT_PROTOTYPES = YES;
				CLANG_WARN_SUSPICIOUS_MOVE = YES;
				CLANG_WARN_UNGUARDED_AVAILABILITY = YES_AGGRESSIVE;
				CLANG_WARN_UNREACHABLE_CODE = YES;
				CLANG_WARN__DUPLICATE_METHOD_MATCH = YES;
				COPY_PHASE_STRIP = NO;
				DEBUG_INFORMATION_FORMAT = dwarf;
				ENABLE_STRICT_OBJC_MSGSEND = YES;
				ENABLE_TESTABILITY = YES;
				GCC_C_LANGUAGE_STANDARD = gnu11;
				GCC_DYNAMIC_NO_PIC = NO;
				GCC_NO_COMMON_BLOCKS = YES;
				GCC_OPTIMIZATION_LEVEL = 0;
				GCC_PREPROCESSOR_DEFINITIONS = (
					"DEBUG=1",
					"$(inherited)",
				);
				GCC_WARN_64_TO_32_BIT_CONVERSION = YES;
				GCC_WARN_ABOUT_RETURN_TYPE = YES_ERROR;
				GCC_WARN_UNDECLARED_SELECTOR = YES;
				GCC_WARN_UNINITIALIZED_AUTOS = YES_AGGRESSIVE;
				GCC_WARN_UNUSED_FUNCTION = YES;
				GCC_WARN_UNUSED_VARIABLE = YES;
				IPHONEOS_DEPLOYMENT_TARGET = 13.0;
				MTL_ENABLE_DEBUG_INFO = INCLUDE_SOURCE;
				MTL_FAST_MATH = YES;
				ONLY_ACTIVE_ARCH = YES;
				SDKROOT = iphoneos;
				SWIFT_ACTIVE_COMPILATION_CONDITIONS = DEBUG;
				SWIFT_OPTIMIZATION_LEVEL = "-Onone";
			};
			name = Debug;
		};
		DC0B9E4522A88D6B00349B2B /* Release */ = {
			isa = XCBuildConfiguration;
			buildSettings = {
				ALWAYS_SEARCH_USER_PATHS = NO;
				CLANG_ANALYZER_NONNULL = YES;
				CLANG_ANALYZER_NUMBER_OBJECT_CONVERSION = YES_AGGRESSIVE;
				CLANG_CXX_LANGUAGE_STANDARD = "gnu++14";
				CLANG_CXX_LIBRARY = "libc++";
				CLANG_ENABLE_MODULES = YES;
				CLANG_ENABLE_OBJC_ARC = YES;
				CLANG_ENABLE_OBJC_WEAK = YES;
				CLANG_WARN_BLOCK_CAPTURE_AUTORELEASING = YES;
				CLANG_WARN_BOOL_CONVERSION = YES;
				CLANG_WARN_COMMA = YES;
				CLANG_WARN_CONSTANT_CONVERSION = YES;
				CLANG_WARN_DEPRECATED_OBJC_IMPLEMENTATIONS = YES;
				CLANG_WARN_DIRECT_OBJC_ISA_USAGE = YES_ERROR;
				CLANG_WARN_DOCUMENTATION_COMMENTS = YES;
				CLANG_WARN_EMPTY_BODY = YES;
				CLANG_WARN_ENUM_CONVERSION = YES;
				CLANG_WARN_INFINITE_RECURSION = YES;
				CLANG_WARN_INT_CONVERSION = YES;
				CLANG_WARN_NON_LITERAL_NULL_CONVERSION = YES;
				CLANG_WARN_OBJC_IMPLICIT_RETAIN_SELF = YES;
				CLANG_WARN_OBJC_LITERAL_CONVERSION = YES;
				CLANG_WARN_OBJC_ROOT_CLASS = YES_ERROR;
				CLANG_WARN_RANGE_LOOP_ANALYSIS = YES;
				CLANG_WARN_STRICT_PROTOTYPES = YES;
				CLANG_WARN_SUSPICIOUS_MOVE = YES;
				CLANG_WARN_UNGUARDED_AVAILABILITY = YES_AGGRESSIVE;
				CLANG_WARN_UNREACHABLE_CODE = YES;
				CLANG_WARN__DUPLICATE_METHOD_MATCH = YES;
				COPY_PHASE_STRIP = NO;
				DEBUG_INFORMATION_FORMAT = "dwarf-with-dsym";
				ENABLE_NS_ASSERTIONS = NO;
				ENABLE_STRICT_OBJC_MSGSEND = YES;
				GCC_C_LANGUAGE_STANDARD = gnu11;
				GCC_NO_COMMON_BLOCKS = YES;
				GCC_WARN_64_TO_32_BIT_CONVERSION = YES;
				GCC_WARN_ABOUT_RETURN_TYPE = YES_ERROR;
				GCC_WARN_UNDECLARED_SELECTOR = YES;
				GCC_WARN_UNINITIALIZED_AUTOS = YES_AGGRESSIVE;
				GCC_WARN_UNUSED_FUNCTION = YES;
				GCC_WARN_UNUSED_VARIABLE = YES;
				IPHONEOS_DEPLOYMENT_TARGET = 13.0;
				MTL_ENABLE_DEBUG_INFO = NO;
				MTL_FAST_MATH = YES;
				SDKROOT = iphoneos;
				SWIFT_COMPILATION_MODE = wholemodule;
				SWIFT_OPTIMIZATION_LEVEL = "-O";
				VALIDATE_PRODUCT = YES;
			};
			name = Release;
		};
		DC0B9E4722A88D6B00349B2B /* Debug */ = {
			isa = XCBuildConfiguration;
			buildSettings = {
				ASSETCATALOG_COMPILER_APPICON_NAME = AppIcon;
				CODE_SIGN_STYLE = Automatic;
				DEVELOPMENT_ASSET_PATHS = "PinballMapSwiftUI/Preview\\ Content";
				ENABLE_PREVIEWS = YES;
				INFOPLIST_FILE = PinballMapSwiftUI/Info.plist;
				LD_RUNPATH_SEARCH_PATHS = (
					"$(inherited)",
					"@executable_path/Frameworks",
				);
				PRODUCT_BUNDLE_IDENTIFIER = com.harlankellaway.PinballMapSwiftUI;
				PRODUCT_NAME = "$(TARGET_NAME)";
				SWIFT_VERSION = 5.0;
				TARGETED_DEVICE_FAMILY = "1,2";
			};
			name = Debug;
		};
		DC0B9E4822A88D6B00349B2B /* Release */ = {
			isa = XCBuildConfiguration;
			buildSettings = {
				ASSETCATALOG_COMPILER_APPICON_NAME = AppIcon;
				CODE_SIGN_STYLE = Automatic;
				DEVELOPMENT_ASSET_PATHS = "PinballMapSwiftUI/Preview\\ Content";
				ENABLE_PREVIEWS = YES;
				INFOPLIST_FILE = PinballMapSwiftUI/Info.plist;
				LD_RUNPATH_SEARCH_PATHS = (
					"$(inherited)",
					"@executable_path/Frameworks",
				);
				PRODUCT_BUNDLE_IDENTIFIER = com.harlankellaway.PinballMapSwiftUI;
				PRODUCT_NAME = "$(TARGET_NAME)";
				SWIFT_VERSION = 5.0;
				TARGETED_DEVICE_FAMILY = "1,2";
			};
			name = Release;
		};
/* End XCBuildConfiguration section */

/* Begin XCConfigurationList section */
		DC0B9E2D22A88D6900349B2B /* Build configuration list for PBXProject "PinballMapSwiftUI" */ = {
			isa = XCConfigurationList;
			buildConfigurations = (
				DC0B9E4422A88D6B00349B2B /* Debug */,
				DC0B9E4522A88D6B00349B2B /* Release */,
			);
			defaultConfigurationIsVisible = 0;
			defaultConfigurationName = Release;
		};
		DC0B9E4622A88D6B00349B2B /* Build configuration list for PBXNativeTarget "PinballMapSwiftUI" */ = {
			isa = XCConfigurationList;
			buildConfigurations = (
				DC0B9E4722A88D6B00349B2B /* Debug */,
				DC0B9E4822A88D6B00349B2B /* Release */,
			);
			defaultConfigurationIsVisible = 0;
			defaultConfigurationName = Release;
		};
/* End XCConfigurationList section */
	};
	rootObject = DC0B9E2A22A88D6900349B2B /* Project object */;
}
