// !$*UTF8*$!
{
	archiveVersion = 1;
	classes = {
	};
	objectVersion = 51;
	objects = {

/* Begin PBXBuildFile section */
		DC381E5C228F5AFC0041D46F /* AppDelegate.swift in Sources */ = {isa = PBXBuildFile; fileRef = DC381E5B228F5AFC0041D46F /* AppDelegate.swift */; };
		DC381E63228F5AFF0041D46F /* Assets.xcassets in Resources */ = {isa = PBXBuildFile; fileRef = DC381E62228F5AFF0041D46F /* Assets.xcassets */; };
		DC381E66228F5AFF0041D46F /* LaunchScreen.storyboard in Resources */ = {isa = PBXBuildFile; fileRef = DC381E64228F5AFF0041D46F /* LaunchScreen.storyboard */; };
		DC381E6E228F5E030041D46F /* DependencyManager.swift in Sources */ = {isa = PBXBuildFile; fileRef = DC381E6D228F5E030041D46F /* DependencyManager.swift */; };
		DC381E72228F622A0041D46F /* Main.storyboard in Resources */ = {isa = PBXBuildFile; fileRef = DC381E71228F622A0041D46F /* Main.storyboard */; };
		DC381E7A228F63210041D46F /* Navigator.swift in Sources */ = {isa = PBXBuildFile; fileRef = DC381E79228F63210041D46F /* Navigator.swift */; };
		DC381E83228F679D0041D46F /* Store.swift in Sources */ = {isa = PBXBuildFile; fileRef = DC381E82228F679D0041D46F /* Store.swift */; };
		DC381E85228F67A70041D46F /* State.swift in Sources */ = {isa = PBXBuildFile; fileRef = DC381E84228F67A70041D46F /* State.swift */; };
		DC381E89228F68090041D46F /* AppReducer.swift in Sources */ = {isa = PBXBuildFile; fileRef = DC381E88228F68090041D46F /* AppReducer.swift */; };
		DC381E8F229302300041D46F /* RootTabBarController.swift in Sources */ = {isa = PBXBuildFile; fileRef = DC381E8E229302300041D46F /* RootTabBarController.swift */; };
		DC381E91229303350041D46F /* RegionsViewController.swift in Sources */ = {isa = PBXBuildFile; fileRef = DC381E90229303350041D46F /* RegionsViewController.swift */; };
		DC381E932293034F0041D46F /* MachinesViewController.swift in Sources */ = {isa = PBXBuildFile; fileRef = DC381E922293034F0041D46F /* MachinesViewController.swift */; };
		DC381E95229303670041D46F /* StateVisualizerViewController.swift in Sources */ = {isa = PBXBuildFile; fileRef = DC381E94229303670041D46F /* StateVisualizerViewController.swift */; };
		DC381E97229303910041D46F /* MVVMRegionsViewController.swift in Sources */ = {isa = PBXBuildFile; fileRef = DC381E96229303910041D46F /* MVVMRegionsViewController.swift */; };
		DC381E99229303AB0041D46F /* ReduxRegionsViewController.swift in Sources */ = {isa = PBXBuildFile; fileRef = DC381E98229303AB0041D46F /* ReduxRegionsViewController.swift */; };
		DC381E9B229303BC0041D46F /* MVVMMachinesViewController.swift in Sources */ = {isa = PBXBuildFile; fileRef = DC381E9A229303BC0041D46F /* MVVMMachinesViewController.swift */; };
		DC381E9F229304160041D46F /* ReduxMachinesViewController.swift in Sources */ = {isa = PBXBuildFile; fileRef = DC381E9E229304160041D46F /* ReduxMachinesViewController.swift */; };
		DC381EA1229304390041D46F /* MVVMStateVisualizerViewController.swift in Sources */ = {isa = PBXBuildFile; fileRef = DC381EA0229304390041D46F /* MVVMStateVisualizerViewController.swift */; };
		DC381EA3229304530041D46F /* ReduxStateVisualizerViewController.swift in Sources */ = {isa = PBXBuildFile; fileRef = DC381EA2229304530041D46F /* ReduxStateVisualizerViewController.swift */; };
		DC381EA52293099E0041D46F /* Architecture.swift in Sources */ = {isa = PBXBuildFile; fileRef = DC381EA42293099E0041D46F /* Architecture.swift */; };
		DC381EA722930FB00041D46F /* ArchitectureSwitcher.swift in Sources */ = {isa = PBXBuildFile; fileRef = DC381EA622930FB00041D46F /* ArchitectureSwitcher.swift */; };
		DC381EAB229329030041D46F /* RegionList.swift in Sources */ = {isa = PBXBuildFile; fileRef = DC381EAA229329030041D46F /* RegionList.swift */; };
		DC381EAD229329100041D46F /* Region.swift in Sources */ = {isa = PBXBuildFile; fileRef = DC381EAC229329100041D46F /* Region.swift */; };
		DC381EAF229329A10041D46F /* HTTPClient.swift in Sources */ = {isa = PBXBuildFile; fileRef = DC381EAE229329A10041D46F /* HTTPClient.swift */; };
		DC381EB122932F350041D46F /* MVVMRegionViewModel.swift in Sources */ = {isa = PBXBuildFile; fileRef = DC381EB022932F350041D46F /* MVVMRegionViewModel.swift */; };
		DC381EB3229330EB0041D46F /* PinballMapHTTPResource.swift in Sources */ = {isa = PBXBuildFile; fileRef = DC381EB2229330EB0041D46F /* PinballMapHTTPResource.swift */; };
		DC381EB5229334470041D46F /* LoadRegions.swift in Sources */ = {isa = PBXBuildFile; fileRef = DC381EB4229334470041D46F /* LoadRegions.swift */; };
		DC381EB722933BB00041D46F /* APIActions.swift in Sources */ = {isa = PBXBuildFile; fileRef = DC381EB622933BB00041D46F /* APIActions.swift */; };
		DC381EB9229341260041D46F /* ViewBuilder.swift in Sources */ = {isa = PBXBuildFile; fileRef = DC381EB8229341250041D46F /* ViewBuilder.swift */; };
		DC381EC022936C3A0041D46F /* SelectRegion.swift in Sources */ = {isa = PBXBuildFile; fileRef = DC381EBF22936C3A0041D46F /* SelectRegion.swift */; };
		DC381EC2229377310041D46F /* LoadLocations.swift in Sources */ = {isa = PBXBuildFile; fileRef = DC381EC1229377300041D46F /* LoadLocations.swift */; };
		DC381EC42293779D0041D46F /* Location.swift in Sources */ = {isa = PBXBuildFile; fileRef = DC381EC32293779D0041D46F /* Location.swift */; };
		DC381EC6229377CE0041D46F /* LocationList.swift in Sources */ = {isa = PBXBuildFile; fileRef = DC381EC5229377CE0041D46F /* LocationList.swift */; };
		DC381ECA229379D30041D46F /* Notifications.swift in Sources */ = {isa = PBXBuildFile; fileRef = DC381EC9229379D30041D46F /* Notifications.swift */; };
		DC381ECC22937A2D0041D46F /* Session.swift in Sources */ = {isa = PBXBuildFile; fileRef = DC381ECB22937A2D0041D46F /* Session.swift */; };
		DC381ECE22937AA90041D46F /* LocationsViewController.swift in Sources */ = {isa = PBXBuildFile; fileRef = DC381ECD22937AA90041D46F /* LocationsViewController.swift */; };
		DC381ED022937B080041D46F /* MVVMLocationsViewController.swift in Sources */ = {isa = PBXBuildFile; fileRef = DC381ECF22937B080041D46F /* MVVMLocationsViewController.swift */; };
		DC381ED222937C020041D46F /* ReduxLocationsViewController.swift in Sources */ = {isa = PBXBuildFile; fileRef = DC381ED122937C020041D46F /* ReduxLocationsViewController.swift */; };
		DC381ED422947D730041D46F /* LocationDetailViewController.swift in Sources */ = {isa = PBXBuildFile; fileRef = DC381ED322947D730041D46F /* LocationDetailViewController.swift */; };
		DC381ED622947DAE0041D46F /* MVVMLocationDetailViewController.swift in Sources */ = {isa = PBXBuildFile; fileRef = DC381ED522947DAE0041D46F /* MVVMLocationDetailViewController.swift */; };
		DC381ED822947DD30041D46F /* ReduxLocationDetailViewController.swift in Sources */ = {isa = PBXBuildFile; fileRef = DC381ED722947DD30041D46F /* ReduxLocationDetailViewController.swift */; };
		DC381EDC2294803B0041D46F /* SelectLocation.swift in Sources */ = {isa = PBXBuildFile; fileRef = DC381EDB2294803B0041D46F /* SelectLocation.swift */; };
		DC381EDE229488310041D46F /* Machine.swift in Sources */ = {isa = PBXBuildFile; fileRef = DC381EDD229488310041D46F /* Machine.swift */; };
		DC381EE022948AAB0041D46F /* LoadMachines.swift in Sources */ = {isa = PBXBuildFile; fileRef = DC381EDF22948AAB0041D46F /* LoadMachines.swift */; };
		DC381EE222948ADD0041D46F /* MachineList.swift in Sources */ = {isa = PBXBuildFile; fileRef = DC381EE122948ADD0041D46F /* MachineList.swift */; };
		DC381EE422948FC70041D46F /* SelectMachine.swift in Sources */ = {isa = PBXBuildFile; fileRef = DC381EE322948FC70041D46F /* SelectMachine.swift */; };
		DC381EEE2294B5BC0041D46F /* MachineDetailViewController.swift in Sources */ = {isa = PBXBuildFile; fileRef = DC381EED2294B5BC0041D46F /* MachineDetailViewController.swift */; };
		DC381EF22294B6170041D46F /* ReduxMachineDetailViewController.swift in Sources */ = {isa = PBXBuildFile; fileRef = DC381EF12294B6160041D46F /* ReduxMachineDetailViewController.swift */; };
		DC381EF42294B6340041D46F /* MVVMMachineDetailViewController.swift in Sources */ = {isa = PBXBuildFile; fileRef = DC381EF32294B6340041D46F /* MVVMMachineDetailViewController.swift */; };
		DC381EF62294C8400041D46F /* APIResponseStatus.swift in Sources */ = {isa = PBXBuildFile; fileRef = DC381EF52294C8400041D46F /* APIResponseStatus.swift */; };
		DC381EF92294CCC60041D46F /* UIView+PinballMap.swift in Sources */ = {isa = PBXBuildFile; fileRef = DC381EF82294CCC60041D46F /* UIView+PinballMap.swift */; };
		DC381EFB2294CCDF0041D46F /* UIViewController+PinballMap.swift in Sources */ = {isa = PBXBuildFile; fileRef = DC381EFA2294CCDF0041D46F /* UIViewController+PinballMap.swift */; };
		DC381EFD2294D04A0041D46F /* Clear.swift in Sources */ = {isa = PBXBuildFile; fileRef = DC381EFC2294D04A0041D46F /* Clear.swift */; };
		DC381EFF2295FA630041D46F /* MVVMLocationsViewModel.swift in Sources */ = {isa = PBXBuildFile; fileRef = DC381EFE2295FA620041D46F /* MVVMLocationsViewModel.swift */; };
		DC381F01229603C80041D46F /* MVVMMachinesViewModel.swift in Sources */ = {isa = PBXBuildFile; fileRef = DC381F00229603C70041D46F /* MVVMMachinesViewModel.swift */; };
		F3991DE9915E83517B4F7A66 /* Pods_PinballMap.framework in Frameworks */ = {isa = PBXBuildFile; fileRef = 7B13F0E9C157E4717153C6C9 /* Pods_PinballMap.framework */; };
/* End PBXBuildFile section */

/* Begin PBXFileReference section */
		35C37D399303B6FC12619040 /* Pods-PinballMap.release.xcconfig */ = {isa = PBXFileReference; includeInIndex = 1; lastKnownFileType = text.xcconfig; name = "Pods-PinballMap.release.xcconfig"; path = "Target Support Files/Pods-PinballMap/Pods-PinballMap.release.xcconfig"; sourceTree = "<group>"; };
		7B13F0E9C157E4717153C6C9 /* Pods_PinballMap.framework */ = {isa = PBXFileReference; explicitFileType = wrapper.framework; includeInIndex = 0; path = Pods_PinballMap.framework; sourceTree = BUILT_PRODUCTS_DIR; };
		CA10085353DE5456FAA46FE9 /* Pods-PinballMap.debug.xcconfig */ = {isa = PBXFileReference; includeInIndex = 1; lastKnownFileType = text.xcconfig; name = "Pods-PinballMap.debug.xcconfig"; path = "Target Support Files/Pods-PinballMap/Pods-PinballMap.debug.xcconfig"; sourceTree = "<group>"; };
		DC381E58228F5AFB0041D46F /* PinballMap.app */ = {isa = PBXFileReference; explicitFileType = wrapper.application; includeInIndex = 0; path = PinballMap.app; sourceTree = BUILT_PRODUCTS_DIR; };
		DC381E5B228F5AFC0041D46F /* AppDelegate.swift */ = {isa = PBXFileReference; lastKnownFileType = sourcecode.swift; path = AppDelegate.swift; sourceTree = "<group>"; };
		DC381E62228F5AFF0041D46F /* Assets.xcassets */ = {isa = PBXFileReference; lastKnownFileType = folder.assetcatalog; path = Assets.xcassets; sourceTree = "<group>"; };
		DC381E65228F5AFF0041D46F /* Base */ = {isa = PBXFileReference; lastKnownFileType = file.storyboard; name = Base; path = Base.lproj/LaunchScreen.storyboard; sourceTree = "<group>"; };
		DC381E67228F5AFF0041D46F /* Info.plist */ = {isa = PBXFileReference; lastKnownFileType = text.plist.xml; path = Info.plist; sourceTree = "<group>"; };
		DC381E6D228F5E030041D46F /* DependencyManager.swift */ = {isa = PBXFileReference; lastKnownFileType = sourcecode.swift; path = DependencyManager.swift; sourceTree = "<group>"; };
		DC381E71228F622A0041D46F /* Main.storyboard */ = {isa = PBXFileReference; lastKnownFileType = file.storyboard; path = Main.storyboard; sourceTree = "<group>"; };
		DC381E79228F63210041D46F /* Navigator.swift */ = {isa = PBXFileReference; fileEncoding = 4; lastKnownFileType = sourcecode.swift; path = Navigator.swift; sourceTree = "<group>"; };
		DC381E82228F679D0041D46F /* Store.swift */ = {isa = PBXFileReference; lastKnownFileType = sourcecode.swift; path = Store.swift; sourceTree = "<group>"; };
		DC381E84228F67A70041D46F /* State.swift */ = {isa = PBXFileReference; lastKnownFileType = sourcecode.swift; path = State.swift; sourceTree = "<group>"; };
		DC381E88228F68090041D46F /* AppReducer.swift */ = {isa = PBXFileReference; lastKnownFileType = sourcecode.swift; path = AppReducer.swift; sourceTree = "<group>"; };
		DC381E8E229302300041D46F /* RootTabBarController.swift */ = {isa = PBXFileReference; lastKnownFileType = sourcecode.swift; path = RootTabBarController.swift; sourceTree = "<group>"; };
		DC381E90229303350041D46F /* RegionsViewController.swift */ = {isa = PBXFileReference; lastKnownFileType = sourcecode.swift; path = RegionsViewController.swift; sourceTree = "<group>"; };
		DC381E922293034F0041D46F /* MachinesViewController.swift */ = {isa = PBXFileReference; lastKnownFileType = sourcecode.swift; path = MachinesViewController.swift; sourceTree = "<group>"; };
		DC381E94229303670041D46F /* StateVisualizerViewController.swift */ = {isa = PBXFileReference; lastKnownFileType = sourcecode.swift; path = StateVisualizerViewController.swift; sourceTree = "<group>"; };
		DC381E96229303910041D46F /* MVVMRegionsViewController.swift */ = {isa = PBXFileReference; lastKnownFileType = sourcecode.swift; path = MVVMRegionsViewController.swift; sourceTree = "<group>"; };
		DC381E98229303AB0041D46F /* ReduxRegionsViewController.swift */ = {isa = PBXFileReference; lastKnownFileType = sourcecode.swift; path = ReduxRegionsViewController.swift; sourceTree = "<group>"; };
		DC381E9A229303BC0041D46F /* MVVMMachinesViewController.swift */ = {isa = PBXFileReference; lastKnownFileType = sourcecode.swift; path = MVVMMachinesViewController.swift; sourceTree = "<group>"; };
		DC381E9E229304160041D46F /* ReduxMachinesViewController.swift */ = {isa = PBXFileReference; lastKnownFileType = sourcecode.swift; path = ReduxMachinesViewController.swift; sourceTree = "<group>"; };
		DC381EA0229304390041D46F /* MVVMStateVisualizerViewController.swift */ = {isa = PBXFileReference; lastKnownFileType = sourcecode.swift; path = MVVMStateVisualizerViewController.swift; sourceTree = "<group>"; };
		DC381EA2229304530041D46F /* ReduxStateVisualizerViewController.swift */ = {isa = PBXFileReference; lastKnownFileType = sourcecode.swift; path = ReduxStateVisualizerViewController.swift; sourceTree = "<group>"; };
		DC381EA42293099E0041D46F /* Architecture.swift */ = {isa = PBXFileReference; lastKnownFileType = sourcecode.swift; path = Architecture.swift; sourceTree = "<group>"; };
		DC381EA622930FB00041D46F /* ArchitectureSwitcher.swift */ = {isa = PBXFileReference; lastKnownFileType = sourcecode.swift; path = ArchitectureSwitcher.swift; sourceTree = "<group>"; };
		DC381EAA229329030041D46F /* RegionList.swift */ = {isa = PBXFileReference; lastKnownFileType = sourcecode.swift; path = RegionList.swift; sourceTree = "<group>"; };
		DC381EAC229329100041D46F /* Region.swift */ = {isa = PBXFileReference; lastKnownFileType = sourcecode.swift; path = Region.swift; sourceTree = "<group>"; };
		DC381EAE229329A10041D46F /* HTTPClient.swift */ = {isa = PBXFileReference; lastKnownFileType = sourcecode.swift; path = HTTPClient.swift; sourceTree = "<group>"; };
		DC381EB022932F350041D46F /* MVVMRegionViewModel.swift */ = {isa = PBXFileReference; lastKnownFileType = sourcecode.swift; path = MVVMRegionViewModel.swift; sourceTree = "<group>"; };
		DC381EB2229330EB0041D46F /* PinballMapHTTPResource.swift */ = {isa = PBXFileReference; lastKnownFileType = sourcecode.swift; path = PinballMapHTTPResource.swift; sourceTree = "<group>"; };
		DC381EB4229334470041D46F /* LoadRegions.swift */ = {isa = PBXFileReference; lastKnownFileType = sourcecode.swift; path = LoadRegions.swift; sourceTree = "<group>"; };
		DC381EB622933BB00041D46F /* APIActions.swift */ = {isa = PBXFileReference; lastKnownFileType = sourcecode.swift; path = APIActions.swift; sourceTree = "<group>"; };
		DC381EB8229341250041D46F /* ViewBuilder.swift */ = {isa = PBXFileReference; lastKnownFileType = sourcecode.swift; path = ViewBuilder.swift; sourceTree = "<group>"; };
		DC381EBF22936C3A0041D46F /* SelectRegion.swift */ = {isa = PBXFileReference; lastKnownFileType = sourcecode.swift; path = SelectRegion.swift; sourceTree = "<group>"; };
		DC381EC1229377300041D46F /* LoadLocations.swift */ = {isa = PBXFileReference; lastKnownFileType = sourcecode.swift; path = LoadLocations.swift; sourceTree = "<group>"; };
		DC381EC32293779D0041D46F /* Location.swift */ = {isa = PBXFileReference; lastKnownFileType = sourcecode.swift; path = Location.swift; sourceTree = "<group>"; };
		DC381EC5229377CE0041D46F /* LocationList.swift */ = {isa = PBXFileReference; lastKnownFileType = sourcecode.swift; path = LocationList.swift; sourceTree = "<group>"; };
		DC381EC9229379D30041D46F /* Notifications.swift */ = {isa = PBXFileReference; lastKnownFileType = sourcecode.swift; path = Notifications.swift; sourceTree = "<group>"; };
		DC381ECB22937A2D0041D46F /* Session.swift */ = {isa = PBXFileReference; lastKnownFileType = sourcecode.swift; path = Session.swift; sourceTree = "<group>"; };
		DC381ECD22937AA90041D46F /* LocationsViewController.swift */ = {isa = PBXFileReference; lastKnownFileType = sourcecode.swift; path = LocationsViewController.swift; sourceTree = "<group>"; };
		DC381ECF22937B080041D46F /* MVVMLocationsViewController.swift */ = {isa = PBXFileReference; lastKnownFileType = sourcecode.swift; path = MVVMLocationsViewController.swift; sourceTree = "<group>"; };
		DC381ED122937C020041D46F /* ReduxLocationsViewController.swift */ = {isa = PBXFileReference; lastKnownFileType = sourcecode.swift; path = ReduxLocationsViewController.swift; sourceTree = "<group>"; };
		DC381ED322947D730041D46F /* LocationDetailViewController.swift */ = {isa = PBXFileReference; lastKnownFileType = sourcecode.swift; path = LocationDetailViewController.swift; sourceTree = "<group>"; };
		DC381ED522947DAE0041D46F /* MVVMLocationDetailViewController.swift */ = {isa = PBXFileReference; lastKnownFileType = sourcecode.swift; path = MVVMLocationDetailViewController.swift; sourceTree = "<group>"; };
		DC381ED722947DD30041D46F /* ReduxLocationDetailViewController.swift */ = {isa = PBXFileReference; lastKnownFileType = sourcecode.swift; path = ReduxLocationDetailViewController.swift; sourceTree = "<group>"; };
		DC381EDB2294803B0041D46F /* SelectLocation.swift */ = {isa = PBXFileReference; lastKnownFileType = sourcecode.swift; path = SelectLocation.swift; sourceTree = "<group>"; };
		DC381EDD229488310041D46F /* Machine.swift */ = {isa = PBXFileReference; lastKnownFileType = sourcecode.swift; path = Machine.swift; sourceTree = "<group>"; };
		DC381EDF22948AAB0041D46F /* LoadMachines.swift */ = {isa = PBXFileReference; lastKnownFileType = sourcecode.swift; path = LoadMachines.swift; sourceTree = "<group>"; };
		DC381EE122948ADD0041D46F /* MachineList.swift */ = {isa = PBXFileReference; lastKnownFileType = sourcecode.swift; path = MachineList.swift; sourceTree = "<group>"; };
		DC381EE322948FC70041D46F /* SelectMachine.swift */ = {isa = PBXFileReference; lastKnownFileType = sourcecode.swift; path = SelectMachine.swift; sourceTree = "<group>"; };
		DC381EED2294B5BC0041D46F /* MachineDetailViewController.swift */ = {isa = PBXFileReference; lastKnownFileType = sourcecode.swift; path = MachineDetailViewController.swift; sourceTree = "<group>"; };
		DC381EF12294B6160041D46F /* ReduxMachineDetailViewController.swift */ = {isa = PBXFileReference; lastKnownFileType = sourcecode.swift; path = ReduxMachineDetailViewController.swift; sourceTree = "<group>"; };
		DC381EF32294B6340041D46F /* MVVMMachineDetailViewController.swift */ = {isa = PBXFileReference; lastKnownFileType = sourcecode.swift; path = MVVMMachineDetailViewController.swift; sourceTree = "<group>"; };
		DC381EF52294C8400041D46F /* APIResponseStatus.swift */ = {isa = PBXFileReference; lastKnownFileType = sourcecode.swift; path = APIResponseStatus.swift; sourceTree = "<group>"; };
		DC381EF82294CCC60041D46F /* UIView+PinballMap.swift */ = {isa = PBXFileReference; lastKnownFileType = sourcecode.swift; path = "UIView+PinballMap.swift"; sourceTree = "<group>"; };
		DC381EFA2294CCDF0041D46F /* UIViewController+PinballMap.swift */ = {isa = PBXFileReference; lastKnownFileType = sourcecode.swift; path = "UIViewController+PinballMap.swift"; sourceTree = "<group>"; };
		DC381EFC2294D04A0041D46F /* Clear.swift */ = {isa = PBXFileReference; lastKnownFileType = sourcecode.swift; path = Clear.swift; sourceTree = "<group>"; };
		DC381EFE2295FA620041D46F /* MVVMLocationsViewModel.swift */ = {isa = PBXFileReference; lastKnownFileType = sourcecode.swift; path = MVVMLocationsViewModel.swift; sourceTree = "<group>"; };
		DC381F00229603C70041D46F /* MVVMMachinesViewModel.swift */ = {isa = PBXFileReference; lastKnownFileType = sourcecode.swift; path = MVVMMachinesViewModel.swift; sourceTree = "<group>"; };
/* End PBXFileReference section */

/* Begin PBXFrameworksBuildPhase section */
		DC381E55228F5AFB0041D46F /* Frameworks */ = {
			isa = PBXFrameworksBuildPhase;
			buildActionMask = 2147483647;
			files = (
				F3991DE9915E83517B4F7A66 /* Pods_PinballMap.framework in Frameworks */,
			);
			runOnlyForDeploymentPostprocessing = 0;
		};
/* End PBXFrameworksBuildPhase section */

/* Begin PBXGroup section */
		2C9B503328BEA32D4E42A814 /* Frameworks */ = {
			isa = PBXGroup;
			children = (
				7B13F0E9C157E4717153C6C9 /* Pods_PinballMap.framework */,
			);
			name = Frameworks;
			sourceTree = "<group>";
		};
		DC381E4F228F5AFB0041D46F = {
			isa = PBXGroup;
			children = (
				DC381E5A228F5AFB0041D46F /* PinballMap */,
				DC381E59228F5AFB0041D46F /* Products */,
				F7A1429DC60617DDF11660C7 /* Pods */,
				2C9B503328BEA32D4E42A814 /* Frameworks */,
			);
			sourceTree = "<group>";
		};
		DC381E59228F5AFB0041D46F /* Products */ = {
			isa = PBXGroup;
			children = (
				DC381E58228F5AFB0041D46F /* PinballMap.app */,
			);
			name = Products;
			sourceTree = "<group>";
		};
		DC381E5A228F5AFB0041D46F /* PinballMap */ = {
			isa = PBXGroup;
			children = (
				DC381E5B228F5AFC0041D46F /* AppDelegate.swift */,
				DC381EA42293099E0041D46F /* Architecture.swift */,
				DC381EA622930FB00041D46F /* ArchitectureSwitcher.swift */,
				DC381E6D228F5E030041D46F /* DependencyManager.swift */,
				DC381E76228F62F60041D46F /* MVVM */,
				DC381E74228F62F60041D46F /* Redux */,
				DC381E75228F62F60041D46F /* Shared */,
				DC381E62228F5AFF0041D46F /* Assets.xcassets */,
				DC381E64228F5AFF0041D46F /* LaunchScreen.storyboard */,
				DC381E71228F622A0041D46F /* Main.storyboard */,
				DC381E67228F5AFF0041D46F /* Info.plist */,
			);
			path = PinballMap;
			sourceTree = "<group>";
		};
		DC381E74228F62F60041D46F /* Redux */ = {
			isa = PBXGroup;
			children = (
				DC381E81228F67800041D46F /* ReSwift */,
				DC381E98229303AB0041D46F /* ReduxRegionsViewController.swift */,
				DC381ED122937C020041D46F /* ReduxLocationsViewController.swift */,
				DC381ED722947DD30041D46F /* ReduxLocationDetailViewController.swift */,
				DC381E9E229304160041D46F /* ReduxMachinesViewController.swift */,
				DC381EF12294B6160041D46F /* ReduxMachineDetailViewController.swift */,
				DC381EA2229304530041D46F /* ReduxStateVisualizerViewController.swift */,
			);
			path = Redux;
			sourceTree = "<group>";
		};
		DC381E75228F62F60041D46F /* Shared */ = {
			isa = PBXGroup;
			children = (
				DC381E77228F63210041D46F /* Base View Controllers */,
				DC381EF72294CCBB0041D46F /* Extensions */,
				DC381EA9229328D10041D46F /* Models */,
				DC381E78228F63210041D46F /* Navigation */,
				DC381EA8229328C60041D46F /* Networking */,
			);
			path = Shared;
			sourceTree = "<group>";
		};
		DC381E76228F62F60041D46F /* MVVM */ = {
			isa = PBXGroup;
			children = (
				DC381EC7229379BC0041D46F /* Notifications */,
				DC381EC8229379C60041D46F /* Session */,
				DC381E96229303910041D46F /* MVVMRegionsViewController.swift */,
				DC381EB022932F350041D46F /* MVVMRegionViewModel.swift */,
				DC381ECF22937B080041D46F /* MVVMLocationsViewController.swift */,
				DC381EFE2295FA620041D46F /* MVVMLocationsViewModel.swift */,
				DC381ED522947DAE0041D46F /* MVVMLocationDetailViewController.swift */,
				DC381E9A229303BC0041D46F /* MVVMMachinesViewController.swift */,
				DC381F00229603C70041D46F /* MVVMMachinesViewModel.swift */,
				DC381EF32294B6340041D46F /* MVVMMachineDetailViewController.swift */,
				DC381EA0229304390041D46F /* MVVMStateVisualizerViewController.swift */,
			);
			path = MVVM;
			sourceTree = "<group>";
		};
		DC381E77228F63210041D46F /* Base View Controllers */ = {
			isa = PBXGroup;
			children = (
				DC381E8E229302300041D46F /* RootTabBarController.swift */,
				DC381E90229303350041D46F /* RegionsViewController.swift */,
				DC381ECD22937AA90041D46F /* LocationsViewController.swift */,
				DC381ED322947D730041D46F /* LocationDetailViewController.swift */,
				DC381E922293034F0041D46F /* MachinesViewController.swift */,
				DC381EED2294B5BC0041D46F /* MachineDetailViewController.swift */,
				DC381E94229303670041D46F /* StateVisualizerViewController.swift */,
			);
			path = "Base View Controllers";
			sourceTree = "<group>";
		};
		DC381E78228F63210041D46F /* Navigation */ = {
			isa = PBXGroup;
			children = (
				DC381E79228F63210041D46F /* Navigator.swift */,
				DC381EB8229341250041D46F /* ViewBuilder.swift */,
			);
			path = Navigation;
			sourceTree = "<group>";
		};
		DC381E81228F67800041D46F /* ReSwift */ = {
			isa = PBXGroup;
			children = (
				DC381E87228F67F20041D46F /* Actions */,
				DC381E86228F67F20041D46F /* Reducers */,
				DC381E82228F679D0041D46F /* Store.swift */,
				DC381E84228F67A70041D46F /* State.swift */,
			);
			path = ReSwift;
			sourceTree = "<group>";
		};
		DC381E86228F67F20041D46F /* Reducers */ = {
			isa = PBXGroup;
			children = (
				DC381E88228F68090041D46F /* AppReducer.swift */,
			);
			path = Reducers;
			sourceTree = "<group>";
		};
		DC381E87228F67F20041D46F /* Actions */ = {
			isa = PBXGroup;
			children = (
				DC381EB4229334470041D46F /* LoadRegions.swift */,
				DC381EBF22936C3A0041D46F /* SelectRegion.swift */,
				DC381EC1229377300041D46F /* LoadLocations.swift */,
				DC381EDB2294803B0041D46F /* SelectLocation.swift */,
				DC381EDF22948AAB0041D46F /* LoadMachines.swift */,
				DC381EE322948FC70041D46F /* SelectMachine.swift */,
				DC381EFC2294D04A0041D46F /* Clear.swift */,
				DC381EB622933BB00041D46F /* APIActions.swift */,
			);
			path = Actions;
			sourceTree = "<group>";
		};
		DC381EA8229328C60041D46F /* Networking */ = {
			isa = PBXGroup;
			children = (
				DC381EAE229329A10041D46F /* HTTPClient.swift */,
				DC381EB2229330EB0041D46F /* PinballMapHTTPResource.swift */,
				DC381EF52294C8400041D46F /* APIResponseStatus.swift */,
			);
			path = Networking;
			sourceTree = "<group>";
		};
		DC381EA9229328D10041D46F /* Models */ = {
			isa = PBXGroup;
			children = (
				DC381EC32293779D0041D46F /* Location.swift */,
				DC381EC5229377CE0041D46F /* LocationList.swift */,
				DC381EDD229488310041D46F /* Machine.swift */,
				DC381EE122948ADD0041D46F /* MachineList.swift */,
				DC381EAC229329100041D46F /* Region.swift */,
				DC381EAA229329030041D46F /* RegionList.swift */,
			);
			path = Models;
			sourceTree = "<group>";
		};
		DC381EC7229379BC0041D46F /* Notifications */ = {
			isa = PBXGroup;
			children = (
				DC381EC9229379D30041D46F /* Notifications.swift */,
			);
			path = Notifications;
			sourceTree = "<group>";
		};
		DC381EC8229379C60041D46F /* Session */ = {
			isa = PBXGroup;
			children = (
				DC381ECB22937A2D0041D46F /* Session.swift */,
			);
			path = Session;
			sourceTree = "<group>";
		};
		DC381EF72294CCBB0041D46F /* Extensions */ = {
			isa = PBXGroup;
			children = (
				DC381EF82294CCC60041D46F /* UIView+PinballMap.swift */,
				DC381EFA2294CCDF0041D46F /* UIViewController+PinballMap.swift */,
			);
			path = Extensions;
			sourceTree = "<group>";
		};
		F7A1429DC60617DDF11660C7 /* Pods */ = {
			isa = PBXGroup;
			children = (
				CA10085353DE5456FAA46FE9 /* Pods-PinballMap.debug.xcconfig */,
				35C37D399303B6FC12619040 /* Pods-PinballMap.release.xcconfig */,
			);
			path = Pods;
			sourceTree = "<group>";
		};
/* End PBXGroup section */

/* Begin PBXNativeTarget section */
		DC381E57228F5AFB0041D46F /* PinballMap */ = {
			isa = PBXNativeTarget;
			buildConfigurationList = DC381E6A228F5AFF0041D46F /* Build configuration list for PBXNativeTarget "PinballMap" */;
			buildPhases = (
				6DB8787E9A0109A3C2923584 /* [CP] Check Pods Manifest.lock */,
				DC381E54228F5AFB0041D46F /* Sources */,
				DC381E55228F5AFB0041D46F /* Frameworks */,
				DC381E56228F5AFB0041D46F /* Resources */,
				30EDD9B7BCC47A4A86CC033A /* [CP] Embed Pods Frameworks */,
			);
			buildRules = (
			);
			dependencies = (
			);
			name = PinballMap;
			productName = PinballMap;
			productReference = DC381E58228F5AFB0041D46F /* PinballMap.app */;
			productType = "com.apple.product-type.application";
		};
/* End PBXNativeTarget section */

/* Begin PBXProject section */
		DC381E50228F5AFB0041D46F /* Project object */ = {
			isa = PBXProject;
			attributes = {
				LastSwiftUpdateCheck = 1020;
				LastUpgradeCheck = 1020;
				ORGANIZATIONNAME = "Harlan Kellaway";
				TargetAttributes = {
					DC381E57228F5AFB0041D46F = {
						CreatedOnToolsVersion = 10.2;
					};
				};
			};
			buildConfigurationList = DC381E53228F5AFB0041D46F /* Build configuration list for PBXProject "PinballMap" */;
			compatibilityVersion = "Xcode 9.3";
			developmentRegion = en;
			hasScannedForEncodings = 0;
			knownRegions = (
				en,
				Base,
			);
			mainGroup = DC381E4F228F5AFB0041D46F;
			productRefGroup = DC381E59228F5AFB0041D46F /* Products */;
			projectDirPath = "";
			projectRoot = "";
			targets = (
				DC381E57228F5AFB0041D46F /* PinballMap */,
			);
		};
/* End PBXProject section */

/* Begin PBXResourcesBuildPhase section */
		DC381E56228F5AFB0041D46F /* Resources */ = {
			isa = PBXResourcesBuildPhase;
			buildActionMask = 2147483647;
			files = (
				DC381E72228F622A0041D46F /* Main.storyboard in Resources */,
				DC381E66228F5AFF0041D46F /* LaunchScreen.storyboard in Resources */,
				DC381E63228F5AFF0041D46F /* Assets.xcassets in Resources */,
			);
			runOnlyForDeploymentPostprocessing = 0;
		};
/* End PBXResourcesBuildPhase section */

/* Begin PBXShellScriptBuildPhase section */
		30EDD9B7BCC47A4A86CC033A /* [CP] Embed Pods Frameworks */ = {
			isa = PBXShellScriptBuildPhase;
			buildActionMask = 2147483647;
			files = (
			);
			inputFileListPaths = (
				"${PODS_ROOT}/Target Support Files/Pods-PinballMap/Pods-PinballMap-frameworks-${CONFIGURATION}-input-files.xcfilelist",
			);
			name = "[CP] Embed Pods Frameworks";
			outputFileListPaths = (
				"${PODS_ROOT}/Target Support Files/Pods-PinballMap/Pods-PinballMap-frameworks-${CONFIGURATION}-output-files.xcfilelist",
			);
			runOnlyForDeploymentPostprocessing = 0;
			shellPath = /bin/sh;
			shellScript = "\"${PODS_ROOT}/Target Support Files/Pods-PinballMap/Pods-PinballMap-frameworks.sh\"\n";
			showEnvVarsInLog = 0;
		};
		6DB8787E9A0109A3C2923584 /* [CP] Check Pods Manifest.lock */ = {
			isa = PBXShellScriptBuildPhase;
			buildActionMask = 2147483647;
			files = (
			);
			inputFileListPaths = (
			);
			inputPaths = (
				"${PODS_PODFILE_DIR_PATH}/Podfile.lock",
				"${PODS_ROOT}/Manifest.lock",
			);
			name = "[CP] Check Pods Manifest.lock";
			outputFileListPaths = (
			);
			outputPaths = (
				"$(DERIVED_FILE_DIR)/Pods-PinballMap-checkManifestLockResult.txt",
			);
			runOnlyForDeploymentPostprocessing = 0;
			shellPath = /bin/sh;
			shellScript = "diff \"${PODS_PODFILE_DIR_PATH}/Podfile.lock\" \"${PODS_ROOT}/Manifest.lock\" > /dev/null\nif [ $? != 0 ] ; then\n    # print error to STDERR\n    echo \"error: The sandbox is not in sync with the Podfile.lock. Run 'pod install' or update your CocoaPods installation.\" >&2\n    exit 1\nfi\n# This output is used by Xcode 'outputs' to avoid re-running this script phase.\necho \"SUCCESS\" > \"${SCRIPT_OUTPUT_FILE_0}\"\n";
			showEnvVarsInLog = 0;
		};
/* End PBXShellScriptBuildPhase section */

/* Begin PBXSourcesBuildPhase section */
		DC381E54228F5AFB0041D46F /* Sources */ = {
			isa = PBXSourcesBuildPhase;
			buildActionMask = 2147483647;
			files = (
				DC381EB722933BB00041D46F /* APIActions.swift in Sources */,
				DC381E99229303AB0041D46F /* ReduxRegionsViewController.swift in Sources */,
				DC381EA3229304530041D46F /* ReduxStateVisualizerViewController.swift in Sources */,
				DC381E97229303910041D46F /* MVVMRegionsViewController.swift in Sources */,
				DC381EDE229488310041D46F /* Machine.swift in Sources */,
				DC381ED422947D730041D46F /* LocationDetailViewController.swift in Sources */,
				DC381EF92294CCC60041D46F /* UIView+PinballMap.swift in Sources */,
				DC381E83228F679D0041D46F /* Store.swift in Sources */,
				DC381EF22294B6170041D46F /* ReduxMachineDetailViewController.swift in Sources */,
				DC381EA52293099E0041D46F /* Architecture.swift in Sources */,
				DC381ED822947DD30041D46F /* ReduxLocationDetailViewController.swift in Sources */,
				DC381ED622947DAE0041D46F /* MVVMLocationDetailViewController.swift in Sources */,
				DC381EE422948FC70041D46F /* SelectMachine.swift in Sources */,
				DC381EC42293779D0041D46F /* Location.swift in Sources */,
				DC381E932293034F0041D46F /* MachinesViewController.swift in Sources */,
				DC381EAF229329A10041D46F /* HTTPClient.swift in Sources */,
				DC381EB3229330EB0041D46F /* PinballMapHTTPResource.swift in Sources */,
				DC381E9B229303BC0041D46F /* MVVMMachinesViewController.swift in Sources */,
				DC381EA722930FB00041D46F /* ArchitectureSwitcher.swift in Sources */,
				DC381EDC2294803B0041D46F /* SelectLocation.swift in Sources */,
				DC381F01229603C80041D46F /* MVVMMachinesViewModel.swift in Sources */,
				DC381EF42294B6340041D46F /* MVVMMachineDetailViewController.swift in Sources */,
				DC381ECC22937A2D0041D46F /* Session.swift in Sources */,
				DC381E9F229304160041D46F /* ReduxMachinesViewController.swift in Sources */,
				DC381EB5229334470041D46F /* LoadRegions.swift in Sources */,
				DC381E89228F68090041D46F /* AppReducer.swift in Sources */,
				DC381E7A228F63210041D46F /* Navigator.swift in Sources */,
				DC381ED022937B080041D46F /* MVVMLocationsViewController.swift in Sources */,
				DC381E6E228F5E030041D46F /* DependencyManager.swift in Sources */,
				DC381EB9229341260041D46F /* ViewBuilder.swift in Sources */,
				DC381E5C228F5AFC0041D46F /* AppDelegate.swift in Sources */,
				DC381EC2229377310041D46F /* LoadLocations.swift in Sources */,
				DC381EA1229304390041D46F /* MVVMStateVisualizerViewController.swift in Sources */,
				DC381EAB229329030041D46F /* RegionList.swift in Sources */,
				DC381EC022936C3A0041D46F /* SelectRegion.swift in Sources */,
				DC381EE022948AAB0041D46F /* LoadMachines.swift in Sources */,
				DC381E95229303670041D46F /* StateVisualizerViewController.swift in Sources */,
				DC381EC6229377CE0041D46F /* LocationList.swift in Sources */,
				DC381EFF2295FA630041D46F /* MVVMLocationsViewModel.swift in Sources */,
				DC381ECE22937AA90041D46F /* LocationsViewController.swift in Sources */,
				DC381ED222937C020041D46F /* ReduxLocationsViewController.swift in Sources */,
				DC381EFB2294CCDF0041D46F /* UIViewController+PinballMap.swift in Sources */,
				DC381E85228F67A70041D46F /* State.swift in Sources */,
				DC381EAD229329100041D46F /* Region.swift in Sources */,
				DC381E8F229302300041D46F /* RootTabBarController.swift in Sources */,
				DC381EFD2294D04A0041D46F /* Clear.swift in Sources */,
				DC381EF62294C8400041D46F /* APIResponseStatus.swift in Sources */,
				DC381ECA229379D30041D46F /* Notifications.swift in Sources */,
				DC381E91229303350041D46F /* RegionsViewController.swift in Sources */,
				DC381EEE2294B5BC0041D46F /* MachineDetailViewController.swift in Sources */,
				DC381EE222948ADD0041D46F /* MachineList.swift in Sources */,
				DC381EB122932F350041D46F /* MVVMRegionViewModel.swift in Sources */,
			);
			runOnlyForDeploymentPostprocessing = 0;
		};
/* End PBXSourcesBuildPhase section */

/* Begin PBXVariantGroup section */
		DC381E64228F5AFF0041D46F /* LaunchScreen.storyboard */ = {
			isa = PBXVariantGroup;
			children = (
				DC381E65228F5AFF0041D46F /* Base */,
			);
			name = LaunchScreen.storyboard;
			sourceTree = "<group>";
		};
/* End PBXVariantGroup section */

/* Begin XCBuildConfiguration section */
		DC381E68228F5AFF0041D46F /* Debug */ = {
			isa = XCBuildConfiguration;
			buildSettings = {
				ALWAYS_SEARCH_USER_PATHS = NO;
				CLANG_ANALYZER_NONNULL = YES;
				CLANG_ANALYZER_NUMBER_OBJECT_CONVERSION = YES_AGGRESSIVE;
				CLANG_CXX_LANGUAGE_STANDARD = "gnu++14";
				CLANG_CXX_LIBRARY = "libc++";
				CLANG_ENABLE_MODULES = YES;
				CLANG_ENABLE_OBJC_ARC = YES;
				CLANG_ENABLE_OBJC_WEAK = YES;
				CLANG_WARN_BLOCK_CAPTURE_AUTORELEASING = YES;
				CLANG_WARN_BOOL_CONVERSION = YES;
				CLANG_WARN_COMMA = YES;
				CLANG_WARN_CONSTANT_CONVERSION = YES;
				CLANG_WARN_DEPRECATED_OBJC_IMPLEMENTATIONS = YES;
				CLANG_WARN_DIRECT_OBJC_ISA_USAGE = YES_ERROR;
				CLANG_WARN_DOCUMENTATION_COMMENTS = YES;
				CLANG_WARN_EMPTY_BODY = YES;
				CLANG_WARN_ENUM_CONVERSION = YES;
				CLANG_WARN_INFINITE_RECURSION = YES;
				CLANG_WARN_INT_CONVERSION = YES;
				CLANG_WARN_NON_LITERAL_NULL_CONVERSION = YES;
				CLANG_WARN_OBJC_IMPLICIT_RETAIN_SELF = YES;
				CLANG_WARN_OBJC_LITERAL_CONVERSION = YES;
				CLANG_WARN_OBJC_ROOT_CLASS = YES_ERROR;
				CLANG_WARN_RANGE_LOOP_ANALYSIS = YES;
				CLANG_WARN_STRICT_PROTOTYPES = YES;
				CLANG_WARN_SUSPICIOUS_MOVE = YES;
				CLANG_WARN_UNGUARDED_AVAILABILITY = YES_AGGRESSIVE;
				CLANG_WARN_UNREACHABLE_CODE = YES;
				CLANG_WARN__DUPLICATE_METHOD_MATCH = YES;
				CODE_SIGN_IDENTITY = "iPhone Developer";
				COPY_PHASE_STRIP = NO;
				DEBUG_INFORMATION_FORMAT = dwarf;
				ENABLE_STRICT_OBJC_MSGSEND = YES;
				ENABLE_TESTABILITY = YES;
				GCC_C_LANGUAGE_STANDARD = gnu11;
				GCC_DYNAMIC_NO_PIC = NO;
				GCC_NO_COMMON_BLOCKS = YES;
				GCC_OPTIMIZATION_LEVEL = 0;
				GCC_PREPROCESSOR_DEFINITIONS = (
					"DEBUG=1",
					"$(inherited)",
				);
				GCC_WARN_64_TO_32_BIT_CONVERSION = YES;
				GCC_WARN_ABOUT_RETURN_TYPE = YES_ERROR;
				GCC_WARN_UNDECLARED_SELECTOR = YES;
				GCC_WARN_UNINITIALIZED_AUTOS = YES_AGGRESSIVE;
				GCC_WARN_UNUSED_FUNCTION = YES;
				GCC_WARN_UNUSED_VARIABLE = YES;
				IPHONEOS_DEPLOYMENT_TARGET = 12.0;
				MTL_ENABLE_DEBUG_INFO = INCLUDE_SOURCE;
				MTL_FAST_MATH = YES;
				ONLY_ACTIVE_ARCH = YES;
				SDKROOT = iphoneos;
				SWIFT_ACTIVE_COMPILATION_CONDITIONS = DEBUG;
				SWIFT_OPTIMIZATION_LEVEL = "-Onone";
			};
			name = Debug;
		};
		DC381E69228F5AFF0041D46F /* Release */ = {
			isa = XCBuildConfiguration;
			buildSettings = {
				ALWAYS_SEARCH_USER_PATHS = NO;
				CLANG_ANALYZER_NONNULL = YES;
				CLANG_ANALYZER_NUMBER_OBJECT_CONVERSION = YES_AGGRESSIVE;
				CLANG_CXX_LANGUAGE_STANDARD = "gnu++14";
				CLANG_CXX_LIBRARY = "libc++";
				CLANG_ENABLE_MODULES = YES;
				CLANG_ENABLE_OBJC_ARC = YES;
				CLANG_ENABLE_OBJC_WEAK = YES;
				CLANG_WARN_BLOCK_CAPTURE_AUTORELEASING = YES;
				CLANG_WARN_BOOL_CONVERSION = YES;
				CLANG_WARN_COMMA = YES;
				CLANG_WARN_CONSTANT_CONVERSION = YES;
				CLANG_WARN_DEPRECATED_OBJC_IMPLEMENTATIONS = YES;
				CLANG_WARN_DIRECT_OBJC_ISA_USAGE = YES_ERROR;
				CLANG_WARN_DOCUMENTATION_COMMENTS = YES;
				CLANG_WARN_EMPTY_BODY = YES;
				CLANG_WARN_ENUM_CONVERSION = YES;
				CLANG_WARN_INFINITE_RECURSION = YES;
				CLANG_WARN_INT_CONVERSION = YES;
				CLANG_WARN_NON_LITERAL_NULL_CONVERSION = YES;
				CLANG_WARN_OBJC_IMPLICIT_RETAIN_SELF = YES;
				CLANG_WARN_OBJC_LITERAL_CONVERSION = YES;
				CLANG_WARN_OBJC_ROOT_CLASS = YES_ERROR;
				CLANG_WARN_RANGE_LOOP_ANALYSIS = YES;
				CLANG_WARN_STRICT_PROTOTYPES = YES;
				CLANG_WARN_SUSPICIOUS_MOVE = YES;
				CLANG_WARN_UNGUARDED_AVAILABILITY = YES_AGGRESSIVE;
				CLANG_WARN_UNREACHABLE_CODE = YES;
				CLANG_WARN__DUPLICATE_METHOD_MATCH = YES;
				CODE_SIGN_IDENTITY = "iPhone Developer";
				COPY_PHASE_STRIP = NO;
				DEBUG_INFORMATION_FORMAT = "dwarf-with-dsym";
				ENABLE_NS_ASSERTIONS = NO;
				ENABLE_STRICT_OBJC_MSGSEND = YES;
				GCC_C_LANGUAGE_STANDARD = gnu11;
				GCC_NO_COMMON_BLOCKS = YES;
				GCC_WARN_64_TO_32_BIT_CONVERSION = YES;
				GCC_WARN_ABOUT_RETURN_TYPE = YES_ERROR;
				GCC_WARN_UNDECLARED_SELECTOR = YES;
				GCC_WARN_UNINITIALIZED_AUTOS = YES_AGGRESSIVE;
				GCC_WARN_UNUSED_FUNCTION = YES;
				GCC_WARN_UNUSED_VARIABLE = YES;
				IPHONEOS_DEPLOYMENT_TARGET = 12.0;
				MTL_ENABLE_DEBUG_INFO = NO;
				MTL_FAST_MATH = YES;
				SDKROOT = iphoneos;
				SWIFT_COMPILATION_MODE = wholemodule;
				SWIFT_OPTIMIZATION_LEVEL = "-O";
				VALIDATE_PRODUCT = YES;
			};
			name = Release;
		};
		DC381E6B228F5AFF0041D46F /* Debug */ = {
			isa = XCBuildConfiguration;
			baseConfigurationReference = CA10085353DE5456FAA46FE9 /* Pods-PinballMap.debug.xcconfig */;
			buildSettings = {
				ASSETCATALOG_COMPILER_APPICON_NAME = AppIcon;
				CODE_SIGN_STYLE = Automatic;
				INFOPLIST_FILE = PinballMap/Info.plist;
				LD_RUNPATH_SEARCH_PATHS = (
					"$(inherited)",
					"@executable_path/Frameworks",
				);
				PRODUCT_BUNDLE_IDENTIFIER = com.harlankellaway.PinballMap;
				PRODUCT_NAME = "$(TARGET_NAME)";
				SWIFT_VERSION = 5.0;
				TARGETED_DEVICE_FAMILY = "1,2";
			};
			name = Debug;
		};
		DC381E6C228F5AFF0041D46F /* Release */ = {
			isa = XCBuildConfiguration;
			baseConfigurationReference = 35C37D399303B6FC12619040 /* Pods-PinballMap.release.xcconfig */;
			buildSettings = {
				ASSETCATALOG_COMPILER_APPICON_NAME = AppIcon;
				CODE_SIGN_STYLE = Automatic;
				INFOPLIST_FILE = PinballMap/Info.plist;
				LD_RUNPATH_SEARCH_PATHS = (
					"$(inherited)",
					"@executable_path/Frameworks",
				);
				PRODUCT_BUNDLE_IDENTIFIER = com.harlankellaway.PinballMap;
				PRODUCT_NAME = "$(TARGET_NAME)";
				SWIFT_VERSION = 5.0;
				TARGETED_DEVICE_FAMILY = "1,2";
			};
			name = Release;
		};
/* End XCBuildConfiguration section */

/* Begin XCConfigurationList section */
		DC381E53228F5AFB0041D46F /* Build configuration list for PBXProject "PinballMap" */ = {
			isa = XCConfigurationList;
			buildConfigurations = (
				DC381E68228F5AFF0041D46F /* Debug */,
				DC381E69228F5AFF0041D46F /* Release */,
			);
			defaultConfigurationIsVisible = 0;
			defaultConfigurationName = Release;
		};
		DC381E6A228F5AFF0041D46F /* Build configuration list for PBXNativeTarget "PinballMap" */ = {
			isa = XCConfigurationList;
			buildConfigurations = (
				DC381E6B228F5AFF0041D46F /* Debug */,
				DC381E6C228F5AFF0041D46F /* Release */,
			);
			defaultConfigurationIsVisible = 0;
			defaultConfigurationName = Release;
		};
/* End XCConfigurationList section */
	};
	rootObject = DC381E50228F5AFB0041D46F /* Project object */;
}
